
Microsoft Visual Studio Solution File, Format Version 12.00
# Visual Studio 15
Project("{FAE04EC0-301F-11D3-BF4B-00C04F79EFBC}") = "Oculus.Platform", "Oculus.Platform.csproj", "{4572CAF3-48E2-E5C3-E3BF-07FA7FC08F2A}"
EndProject
Project("{FAE04EC0-301F-11D3-BF4B-00C04F79EFBC}") = "Assembly-CSharp", "Assembly-CSharp.csproj", "{CEB8AB09-6EAB-B79B-EE24-5A981F511982}"
EndProject
Project("{FAE04EC0-301F-11D3-BF4B-00C04F79EFBC}") = "Meta.WitAi", "Meta.WitAi.csproj", "{56AF890B-D75A-939F-3492-D6423BED59EE}"
EndProject
Project("{FAE04EC0-301F-11D3-BF4B-00C04F79EFBC}") = "Oculus.Spatializer", "Oculus.Spatializer.csproj", "{F455A278-096F-A1A3-9658-6B1BFE19B502}"
EndProject
Project("{FAE04EC0-301F-11D3-BF4B-00C04F79EFBC}") = "Oculus.Interaction", "Oculus.Interaction.csproj", "{68B12932-DB45-C8D5-51E2-C528DF3CA8A1}"
EndProject
Project("{FAE04EC0-301F-11D3-BF4B-00C04F79EFBC}") = "Oculus.Interaction.OVR.Samples", "Oculus.Interaction.OVR.Samples.csproj", "{AF37CD1B-11F3-187D-FC81-A02FC8295229}"
EndProject
Project("{FAE04EC0-301F-11D3-BF4B-00C04F79EFBC}") = "Oculus.VR", "Oculus.VR.csproj", "{A03B610B-ACBB-5589-C6F1-B32458925042}"
EndProject
Project("{FAE04EC0-301F-11D3-BF4B-00C04F79EFBC}") = "VoiceSDK.Dictation.Runtime", "VoiceSDK.Dictation.Runtime.csproj", "{C096FFF1-F547-A529-182A-5977382D6ED0}"
EndProject
Project("{FAE04EC0-301F-11D3-BF4B-00C04F79EFBC}") = "Meta.WitAi.TTS", "Meta.WitAi.TTS.csproj", "{6C28B191-D166-FDCE-5C18-5A6C9D333DA6}"
EndProject
Project("{FAE04EC0-301F-11D3-BF4B-00C04F79EFBC}") = "Meta.WitAi.Lib", "Meta.WitAi.Lib.csproj", "{D2B259B3-5D00-815F-A334-8B9F6D4EF82B}"
EndProject
Project("{FAE04EC0-301F-11D3-BF4B-00C04F79EFBC}") = "Oculus.AudioManager", "Oculus.AudioManager.csproj", "{AB45C1CC-4979-24EB-86CC-9C83B890CC5A}"
EndProject
Project("{FAE04EC0-301F-11D3-BF4B-00C04F79EFBC}") = "VoiceSDK.Runtime", "VoiceSDK.Runtime.csproj", "{7AEA1145-6CFD-6E01-4D96-E886F4829D0E}"
EndProject
Project("{FAE04EC0-301F-11D3-BF4B-00C04F79EFBC}") = "Facebook.Wit.Dictation", "Facebook.Wit.Dictation.csproj", "{1C8DAF53-9193-DEF6-DAF9-E850B6D29C64}"
EndProject
Project("{FAE04EC0-301F-11D3-BF4B-00C04F79EFBC}") = "Meta.WitAi.TTS.Samples", "Meta.WitAi.TTS.Samples.csproj", "{253F7EB6-FEFB-93A7-AD67-B2AD58709E5B}"
EndProject
Project("{FAE04EC0-301F-11D3-BF4B-00C04F79EFBC}") = "Oculus.Voice.Demo", "Oculus.Voice.Demo.csproj", "{3B41D5E4-3EA7-C313-0969-C8308CB883B4}"
EndProject
Project("{FAE04EC0-301F-11D3-BF4B-00C04F79EFBC}") = "Oculus.Interaction.OVR", "Oculus.Interaction.OVR.csproj", "{BBDD40C8-639C-8E11-5862-EC8F8DF05EDA}"
EndProject
Project("{FAE04EC0-301F-11D3-BF4B-00C04F79EFBC}") = "AssistantCoreSDKRuntime", "AssistantCoreSDKRuntime.csproj", "{F0707651-DAF6-A128-ED80-0CA88D7F1E73}"
EndProject
Project("{FAE04EC0-301F-11D3-BF4B-00C04F79EFBC}") = "Meta.WitAi.Conduit", "Meta.WitAi.Conduit.csproj", "{50E7893A-3E02-F08D-F971-E29FCDD50FD6}"
EndProject
Project("{FAE04EC0-301F-11D3-BF4B-00C04F79EFBC}") = "Oculus.LipSync", "Oculus.LipSync.csproj", "{F32DE4B8-1576-AD8C-CD9B-C936D1AE2A00}"
EndProject
Project("{FAE04EC0-301F-11D3-BF4B-00C04F79EFBC}") = "Meta.VoiceSDK.Mic.Other", "Meta.VoiceSDK.Mic.Other.csproj", "{6223CA59-696A-B50E-DAE7-5F729A0B4783}"
EndProject
Project("{FAE04EC0-301F-11D3-BF4B-00C04F79EFBC}") = "Meta.VoiceSDK.Mic.Common", "Meta.VoiceSDK.Mic.Common.csproj", "{C41E3D17-AAEA-653C-6F6F-4F03123EB062}"
EndProject
Project("{FAE04EC0-301F-11D3-BF4B-00C04F79EFBC}") = "Meta.VoiceSDK.Mic.WebGL", "Meta.VoiceSDK.Mic.WebGL.csproj", "{61DB5411-F1DC-F5A2-95FC-B581A6455C32}"
EndProject
Project("{FAE04EC0-301F-11D3-BF4B-00C04F79EFBC}") = "Meta.WitAi.Editor", "Meta.WitAi.Editor.csproj", "{5001E6D8-C006-8AD3-DE11-E765B42A0F70}"
EndProject
Project("{FAE04EC0-301F-11D3-BF4B-00C04F79EFBC}") = "Oculus.Interaction.Editor", "Oculus.Interaction.Editor.csproj", "{C1B756BD-EC40-0838-8084-9C298A94EC57}"
EndProject
Project("{FAE04EC0-301F-11D3-BF4B-00C04F79EFBC}") = "Meta.WitAI.Lib.Editor", "Meta.WitAI.Lib.Editor.csproj", "{D44DFD31-FD34-90BC-6842-655D958A5643}"
EndProject
Project("{FAE04EC0-301F-11D3-BF4B-00C04F79EFBC}") = "Oculus.VR.Editor", "Oculus.VR.Editor.csproj", "{C64745FF-3ABC-51E1-A031-1794E3D53611}"
EndProject
Project("{FAE04EC0-301F-11D3-BF4B-00C04F79EFBC}") = "Meta.WitAi.Conduit.Editor", "Meta.WitAi.Conduit.Editor.csproj", "{77345A98-76CF-2075-CD8F-801950C6EBB7}"
EndProject
Project("{FAE04EC0-301F-11D3-BF4B-00C04F79EFBC}") = "Oculus.Interaction.OVR.Editor", "Oculus.Interaction.OVR.Editor.csproj", "{A9D859FF-EF79-AC7F-2946-EE062F60BBD8}"
EndProject
Project("{FAE04EC0-301F-11D3-BF4B-00C04F79EFBC}") = "Assembly-CSharp-Editor", "Assembly-CSharp-Editor.csproj", "{A4C822BB-74CC-6836-D80C-7415D93A25D9}"
EndProject
Project("{FAE04EC0-301F-11D3-BF4B-00C04F79EFBC}") = "Oculus.Interaction.Samples.Editor", "Oculus.Interaction.Samples.Editor.csproj", "{4872B599-88DC-2A11-75E3-DF475F02D4E9}"
EndProject
Project("{FAE04EC0-301F-11D3-BF4B-00C04F79EFBC}") = "Oculus.VR.Scripts.Editor", "Oculus.VR.Scripts.Editor.csproj", "{58D2DA34-51C7-A47E-F805-E46ED44FF4ED}"
EndProject
Project("{FAE04EC0-301F-11D3-BF4B-00C04F79EFBC}") = "VoiceSDK.Editor", "VoiceSDK.Editor.csproj", "{AC27129C-76E8-6158-8E6A-643338FBB291}"
EndProject
Project("{FAE04EC0-301F-11D3-BF4B-00C04F79EFBC}") = "Oculus.Spatializer.Editor", "Oculus.Spatializer.Editor.csproj", "{CE7728E5-67C8-54FB-548E-1F0D2B76902B}"
EndProject
Project("{FAE04EC0-301F-11D3-BF4B-00C04F79EFBC}") = "Meta.WitAi.TTS.Editor", "Meta.WitAi.TTS.Editor.csproj", "{44E28E0D-A623-FCEA-8BDD-1DFB2F29F9A7}"
EndProject
Project("{FAE04EC0-301F-11D3-BF4B-00C04F79EFBC}") = "Facebook.Wit.Dictation.Editor", "Facebook.Wit.Dictation.Editor.csproj", "{A119B98F-2197-47AB-FD9D-D3817F8A4F18}"
EndProject
Project("{FAE04EC0-301F-11D3-BF4B-00C04F79EFBC}") = "VoiceSDK.Dictation.Editor", "VoiceSDK.Dictation.Editor.csproj", "{8D523F66-11BE-D06D-4CA5-9D1A09A15522}"
EndProject
Project("{FAE04EC0-301F-11D3-BF4B-00C04F79EFBC}") = "Oculus.Platform.Editor", "Oculus.Platform.Editor.csproj", "{A8646F4E-BFC7-4635-1988-19BC650875C0}"
EndProject
Project("{FAE04EC0-301F-11D3-BF4B-00C04F79EFBC}") = "Oculus.AudioManager.Audio.Editor", "Oculus.AudioManager.Audio.Editor.csproj", "{FE6EBAF8-33C1-1BB5-05D8-6DF11DDFA740}"
EndProject
Project("{FAE04EC0-301F-11D3-BF4B-00C04F79EFBC}") = "Oculus.Interaction.InterfaceSupport", "Oculus.Interaction.InterfaceSupport.csproj", "{7624C764-049F-8ECE-F255-13EBB50A53E2}"
EndProject
Project("{FAE04EC0-301F-11D3-BF4B-00C04F79EFBC}") = "Oculus.LipSync.Editor", "Oculus.LipSync.Editor.csproj", "{752DEA85-2A55-68AF-E56E-DC0C1A3CB7A3}"
EndProject
Project("{FAE04EC0-301F-11D3-BF4B-00C04F79EFBC}") = "AssistantCoreSDKEditor", "AssistantCoreSDKEditor.csproj", "{5634BC00-9F20-DC1F-632F-3EE4C211A5EF}"
EndProject
Project("{FAE04EC0-301F-11D3-BF4B-00C04F79EFBC}") = "Oculus.AudioManager.Utils.Editor", "Oculus.AudioManager.Utils.Editor.csproj", "{78FC4DBB-9EDC-F9A3-499D-888AE8E49C64}"
EndProject
Global
	GlobalSection(SolutionConfigurationPlatforms) = preSolution
		Debug|Any CPU = Debug|Any CPU
		Release|Any CPU = Release|Any CPU
	EndGlobalSection
	GlobalSection(ProjectConfigurationPlatforms) = postSolution
		{4572CAF3-48E2-E5C3-E3BF-07FA7FC08F2A}.Debug|Any CPU.ActiveCfg = Debug|Any CPU
		{4572CAF3-48E2-E5C3-E3BF-07FA7FC08F2A}.Debug|Any CPU.Build.0 = Debug|Any CPU
		{4572CAF3-48E2-E5C3-E3BF-07FA7FC08F2A}.Release|Any CPU.ActiveCfg = Release|Any CPU
		{4572CAF3-48E2-E5C3-E3BF-07FA7FC08F2A}.Release|Any CPU.Build.0 = Release|Any CPU
		{CEB8AB09-6EAB-B79B-EE24-5A981F511982}.Debug|Any CPU.ActiveCfg = Debug|Any CPU
		{CEB8AB09-6EAB-B79B-EE24-5A981F511982}.Debug|Any CPU.Build.0 = Debug|Any CPU
		{CEB8AB09-6EAB-B79B-EE24-5A981F511982}.Release|Any CPU.ActiveCfg = Release|Any CPU
		{CEB8AB09-6EAB-B79B-EE24-5A981F511982}.Release|Any CPU.Build.0 = Release|Any CPU
		{56AF890B-D75A-939F-3492-D6423BED59EE}.Debug|Any CPU.ActiveCfg = Debug|Any CPU
		{56AF890B-D75A-939F-3492-D6423BED59EE}.Debug|Any CPU.Build.0 = Debug|Any CPU
		{56AF890B-D75A-939F-3492-D6423BED59EE}.Release|Any CPU.ActiveCfg = Release|Any CPU
		{56AF890B-D75A-939F-3492-D6423BED59EE}.Release|Any CPU.Build.0 = Release|Any CPU
		{F455A278-096F-A1A3-9658-6B1BFE19B502}.Debug|Any CPU.ActiveCfg = Debug|Any CPU
		{F455A278-096F-A1A3-9658-6B1BFE19B502}.Debug|Any CPU.Build.0 = Debug|Any CPU
		{F455A278-096F-A1A3-9658-6B1BFE19B502}.Release|Any CPU.ActiveCfg = Release|Any CPU
		{F455A278-096F-A1A3-9658-6B1BFE19B502}.Release|Any CPU.Build.0 = Release|Any CPU
		{68B12932-DB45-C8D5-51E2-C528DF3CA8A1}.Debug|Any CPU.ActiveCfg = Debug|Any CPU
		{68B12932-DB45-C8D5-51E2-C528DF3CA8A1}.Debug|Any CPU.Build.0 = Debug|Any CPU
		{68B12932-DB45-C8D5-51E2-C528DF3CA8A1}.Release|Any CPU.ActiveCfg = Release|Any CPU
		{68B12932-DB45-C8D5-51E2-C528DF3CA8A1}.Release|Any CPU.Build.0 = Release|Any CPU
		{AF37CD1B-11F3-187D-FC81-A02FC8295229}.Debug|Any CPU.ActiveCfg = Debug|Any CPU
		{AF37CD1B-11F3-187D-FC81-A02FC8295229}.Debug|Any CPU.Build.0 = Debug|Any CPU
		{AF37CD1B-11F3-187D-FC81-A02FC8295229}.Release|Any CPU.ActiveCfg = Release|Any CPU
		{AF37CD1B-11F3-187D-FC81-A02FC8295229}.Release|Any CPU.Build.0 = Release|Any CPU
		{A03B610B-ACBB-5589-C6F1-B32458925042}.Debug|Any CPU.ActiveCfg = Debug|Any CPU
		{A03B610B-ACBB-5589-C6F1-B32458925042}.Debug|Any CPU.Build.0 = Debug|Any CPU
		{A03B610B-ACBB-5589-C6F1-B32458925042}.Release|Any CPU.ActiveCfg = Release|Any CPU
		{A03B610B-ACBB-5589-C6F1-B32458925042}.Release|Any CPU.Build.0 = Release|Any CPU
		{C096FFF1-F547-A529-182A-5977382D6ED0}.Debug|Any CPU.ActiveCfg = Debug|Any CPU
		{C096FFF1-F547-A529-182A-5977382D6ED0}.Debug|Any CPU.Build.0 = Debug|Any CPU
		{C096FFF1-F547-A529-182A-5977382D6ED0}.Release|Any CPU.ActiveCfg = Release|Any CPU
		{C096FFF1-F547-A529-182A-5977382D6ED0}.Release|Any CPU.Build.0 = Release|Any CPU
		{6C28B191-D166-FDCE-5C18-5A6C9D333DA6}.Debug|Any CPU.ActiveCfg = Debug|Any CPU
		{6C28B191-D166-FDCE-5C18-5A6C9D333DA6}.Debug|Any CPU.Build.0 = Debug|Any CPU
		{6C28B191-D166-FDCE-5C18-5A6C9D333DA6}.Release|Any CPU.ActiveCfg = Release|Any CPU
		{6C28B191-D166-FDCE-5C18-5A6C9D333DA6}.Release|Any CPU.Build.0 = Release|Any CPU
		{D2B259B3-5D00-815F-A334-8B9F6D4EF82B}.Debug|Any CPU.ActiveCfg = Debug|Any CPU
		{D2B259B3-5D00-815F-A334-8B9F6D4EF82B}.Debug|Any CPU.Build.0 = Debug|Any CPU
		{D2B259B3-5D00-815F-A334-8B9F6D4EF82B}.Release|Any CPU.ActiveCfg = Release|Any CPU
		{D2B259B3-5D00-815F-A334-8B9F6D4EF82B}.Release|Any CPU.Build.0 = Release|Any CPU
		{AB45C1CC-4979-24EB-86CC-9C83B890CC5A}.Debug|Any CPU.ActiveCfg = Debug|Any CPU
		{AB45C1CC-4979-24EB-86CC-9C83B890CC5A}.Debug|Any CPU.Build.0 = Debug|Any CPU
		{AB45C1CC-4979-24EB-86CC-9C83B890CC5A}.Release|Any CPU.ActiveCfg = Release|Any CPU
		{AB45C1CC-4979-24EB-86CC-9C83B890CC5A}.Release|Any CPU.Build.0 = Release|Any CPU
		{7AEA1145-6CFD-6E01-4D96-E886F4829D0E}.Debug|Any CPU.ActiveCfg = Debug|Any CPU
		{7AEA1145-6CFD-6E01-4D96-E886F4829D0E}.Debug|Any CPU.Build.0 = Debug|Any CPU
		{7AEA1145-6CFD-6E01-4D96-E886F4829D0E}.Release|Any CPU.ActiveCfg = Release|Any CPU
		{7AEA1145-6CFD-6E01-4D96-E886F4829D0E}.Release|Any CPU.Build.0 = Release|Any CPU
		{1C8DAF53-9193-DEF6-DAF9-E850B6D29C64}.Debug|Any CPU.ActiveCfg = Debug|Any CPU
		{1C8DAF53-9193-DEF6-DAF9-E850B6D29C64}.Debug|Any CPU.Build.0 = Debug|Any CPU
		{1C8DAF53-9193-DEF6-DAF9-E850B6D29C64}.Release|Any CPU.ActiveCfg = Release|Any CPU
		{1C8DAF53-9193-DEF6-DAF9-E850B6D29C64}.Release|Any CPU.Build.0 = Release|Any CPU
		{253F7EB6-FEFB-93A7-AD67-B2AD58709E5B}.Debug|Any CPU.ActiveCfg = Debug|Any CPU
		{253F7EB6-FEFB-93A7-AD67-B2AD58709E5B}.Debug|Any CPU.Build.0 = Debug|Any CPU
		{253F7EB6-FEFB-93A7-AD67-B2AD58709E5B}.Release|Any CPU.ActiveCfg = Release|Any CPU
		{253F7EB6-FEFB-93A7-AD67-B2AD58709E5B}.Release|Any CPU.Build.0 = Release|Any CPU
		{3B41D5E4-3EA7-C313-0969-C8308CB883B4}.Debug|Any CPU.ActiveCfg = Debug|Any CPU
		{3B41D5E4-3EA7-C313-0969-C8308CB883B4}.Debug|Any CPU.Build.0 = Debug|Any CPU
		{3B41D5E4-3EA7-C313-0969-C8308CB883B4}.Release|Any CPU.ActiveCfg = Release|Any CPU
		{3B41D5E4-3EA7-C313-0969-C8308CB883B4}.Release|Any CPU.Build.0 = Release|Any CPU
		{BBDD40C8-639C-8E11-5862-EC8F8DF05EDA}.Debug|Any CPU.ActiveCfg = Debug|Any CPU
		{BBDD40C8-639C-8E11-5862-EC8F8DF05EDA}.Debug|Any CPU.Build.0 = Debug|Any CPU
		{BBDD40C8-639C-8E11-5862-EC8F8DF05EDA}.Release|Any CPU.ActiveCfg = Release|Any CPU
		{BBDD40C8-639C-8E11-5862-EC8F8DF05EDA}.Release|Any CPU.Build.0 = Release|Any CPU
		{F0707651-DAF6-A128-ED80-0CA88D7F1E73}.Debug|Any CPU.ActiveCfg = Debug|Any CPU
		{F0707651-DAF6-A128-ED80-0CA88D7F1E73}.Debug|Any CPU.Build.0 = Debug|Any CPU
		{F0707651-DAF6-A128-ED80-0CA88D7F1E73}.Release|Any CPU.ActiveCfg = Release|Any CPU
		{F0707651-DAF6-A128-ED80-0CA88D7F1E73}.Release|Any CPU.Build.0 = Release|Any CPU
		{50E7893A-3E02-F08D-F971-E29FCDD50FD6}.Debug|Any CPU.ActiveCfg = Debug|Any CPU
		{50E7893A-3E02-F08D-F971-E29FCDD50FD6}.Debug|Any CPU.Build.0 = Debug|Any CPU
		{50E7893A-3E02-F08D-F971-E29FCDD50FD6}.Release|Any CPU.ActiveCfg = Release|Any CPU
		{50E7893A-3E02-F08D-F971-E29FCDD50FD6}.Release|Any CPU.Build.0 = Release|Any CPU
		{F32DE4B8-1576-AD8C-CD9B-C936D1AE2A00}.Debug|Any CPU.ActiveCfg = Debug|Any CPU
		{F32DE4B8-1576-AD8C-CD9B-C936D1AE2A00}.Debug|Any CPU.Build.0 = Debug|Any CPU
		{F32DE4B8-1576-AD8C-CD9B-C936D1AE2A00}.Release|Any CPU.ActiveCfg = Release|Any CPU
		{F32DE4B8-1576-AD8C-CD9B-C936D1AE2A00}.Release|Any CPU.Build.0 = Release|Any CPU
		{6223CA59-696A-B50E-DAE7-5F729A0B4783}.Debug|Any CPU.ActiveCfg = Debug|Any CPU
		{6223CA59-696A-B50E-DAE7-5F729A0B4783}.Debug|Any CPU.Build.0 = Debug|Any CPU
		{6223CA59-696A-B50E-DAE7-5F729A0B4783}.Release|Any CPU.ActiveCfg = Release|Any CPU
		{6223CA59-696A-B50E-DAE7-5F729A0B4783}.Release|Any CPU.Build.0 = Release|Any CPU
		{C41E3D17-AAEA-653C-6F6F-4F03123EB062}.Debug|Any CPU.ActiveCfg = Debug|Any CPU
		{C41E3D17-AAEA-653C-6F6F-4F03123EB062}.Debug|Any CPU.Build.0 = Debug|Any CPU
		{C41E3D17-AAEA-653C-6F6F-4F03123EB062}.Release|Any CPU.ActiveCfg = Release|Any CPU
		{C41E3D17-AAEA-653C-6F6F-4F03123EB062}.Release|Any CPU.Build.0 = Release|Any CPU
		{61DB5411-F1DC-F5A2-95FC-B581A6455C32}.Debug|Any CPU.ActiveCfg = Debug|Any CPU
		{61DB5411-F1DC-F5A2-95FC-B581A6455C32}.Debug|Any CPU.Build.0 = Debug|Any CPU
		{61DB5411-F1DC-F5A2-95FC-B581A6455C32}.Release|Any CPU.ActiveCfg = Release|Any CPU
		{61DB5411-F1DC-F5A2-95FC-B581A6455C32}.Release|Any CPU.Build.0 = Release|Any CPU
		{5001E6D8-C006-8AD3-DE11-E765B42A0F70}.Debug|Any CPU.ActiveCfg = Debug|Any CPU
		{5001E6D8-C006-8AD3-DE11-E765B42A0F70}.Debug|Any CPU.Build.0 = Debug|Any CPU
		{5001E6D8-C006-8AD3-DE11-E765B42A0F70}.Release|Any CPU.ActiveCfg = Release|Any CPU
		{5001E6D8-C006-8AD3-DE11-E765B42A0F70}.Release|Any CPU.Build.0 = Release|Any CPU
		{C1B756BD-EC40-0838-8084-9C298A94EC57}.Debug|Any CPU.ActiveCfg = Debug|Any CPU
		{C1B756BD-EC40-0838-8084-9C298A94EC57}.Debug|Any CPU.Build.0 = Debug|Any CPU
		{C1B756BD-EC40-0838-8084-9C298A94EC57}.Release|Any CPU.ActiveCfg = Release|Any CPU
		{C1B756BD-EC40-0838-8084-9C298A94EC57}.Release|Any CPU.Build.0 = Release|Any CPU
		{D44DFD31-FD34-90BC-6842-655D958A5643}.Debug|Any CPU.ActiveCfg = Debug|Any CPU
		{D44DFD31-FD34-90BC-6842-655D958A5643}.Debug|Any CPU.Build.0 = Debug|Any CPU
		{D44DFD31-FD34-90BC-6842-655D958A5643}.Release|Any CPU.ActiveCfg = Release|Any CPU
		{D44DFD31-FD34-90BC-6842-655D958A5643}.Release|Any CPU.Build.0 = Release|Any CPU
		{C64745FF-3ABC-51E1-A031-1794E3D53611}.Debug|Any CPU.ActiveCfg = Debug|Any CPU
		{C64745FF-3ABC-51E1-A031-1794E3D53611}.Debug|Any CPU.Build.0 = Debug|Any CPU
		{C64745FF-3ABC-51E1-A031-1794E3D53611}.Release|Any CPU.ActiveCfg = Release|Any CPU
		{C64745FF-3ABC-51E1-A031-1794E3D53611}.Release|Any CPU.Build.0 = Release|Any CPU
		{77345A98-76CF-2075-CD8F-801950C6EBB7}.Debug|Any CPU.ActiveCfg = Debug|Any CPU
		{77345A98-76CF-2075-CD8F-801950C6EBB7}.Debug|Any CPU.Build.0 = Debug|Any CPU
		{77345A98-76CF-2075-CD8F-801950C6EBB7}.Release|Any CPU.ActiveCfg = Release|Any CPU
		{77345A98-76CF-2075-CD8F-801950C6EBB7}.Release|Any CPU.Build.0 = Release|Any CPU
		{A9D859FF-EF79-AC7F-2946-EE062F60BBD8}.Debug|Any CPU.ActiveCfg = Debug|Any CPU
		{A9D859FF-EF79-AC7F-2946-EE062F60BBD8}.Debug|Any CPU.Build.0 = Debug|Any CPU
		{A9D859FF-EF79-AC7F-2946-EE062F60BBD8}.Release|Any CPU.ActiveCfg = Release|Any CPU
		{A9D859FF-EF79-AC7F-2946-EE062F60BBD8}.Release|Any CPU.Build.0 = Release|Any CPU
		{A4C822BB-74CC-6836-D80C-7415D93A25D9}.Debug|Any CPU.ActiveCfg = Debug|Any CPU
		{A4C822BB-74CC-6836-D80C-7415D93A25D9}.Debug|Any CPU.Build.0 = Debug|Any CPU
		{A4C822BB-74CC-6836-D80C-7415D93A25D9}.Release|Any CPU.ActiveCfg = Release|Any CPU
		{A4C822BB-74CC-6836-D80C-7415D93A25D9}.Release|Any CPU.Build.0 = Release|Any CPU
		{4872B599-88DC-2A11-75E3-DF475F02D4E9}.Debug|Any CPU.ActiveCfg = Debug|Any CPU
		{4872B599-88DC-2A11-75E3-DF475F02D4E9}.Debug|Any CPU.Build.0 = Debug|Any CPU
		{4872B599-88DC-2A11-75E3-DF475F02D4E9}.Release|Any CPU.ActiveCfg = Release|Any CPU
		{4872B599-88DC-2A11-75E3-DF475F02D4E9}.Release|Any CPU.Build.0 = Release|Any CPU
		{58D2DA34-51C7-A47E-F805-E46ED44FF4ED}.Debug|Any CPU.ActiveCfg = Debug|Any CPU
		{58D2DA34-51C7-A47E-F805-E46ED44FF4ED}.Debug|Any CPU.Build.0 = Debug|Any CPU
		{58D2DA34-51C7-A47E-F805-E46ED44FF4ED}.Release|Any CPU.ActiveCfg = Release|Any CPU
		{58D2DA34-51C7-A47E-F805-E46ED44FF4ED}.Release|Any CPU.Build.0 = Release|Any CPU
		{AC27129C-76E8-6158-8E6A-643338FBB291}.Debug|Any CPU.ActiveCfg = Debug|Any CPU
		{AC27129C-76E8-6158-8E6A-643338FBB291}.Debug|Any CPU.Build.0 = Debug|Any CPU
		{AC27129C-76E8-6158-8E6A-643338FBB291}.Release|Any CPU.ActiveCfg = Release|Any CPU
		{AC27129C-76E8-6158-8E6A-643338FBB291}.Release|Any CPU.Build.0 = Release|Any CPU
		{CE7728E5-67C8-54FB-548E-1F0D2B76902B}.Debug|Any CPU.ActiveCfg = Debug|Any CPU
		{CE7728E5-67C8-54FB-548E-1F0D2B76902B}.Debug|Any CPU.Build.0 = Debug|Any CPU
		{CE7728E5-67C8-54FB-548E-1F0D2B76902B}.Release|Any CPU.ActiveCfg = Release|Any CPU
		{CE7728E5-67C8-54FB-548E-1F0D2B76902B}.Release|Any CPU.Build.0 = Release|Any CPU
		{44E28E0D-A623-FCEA-8BDD-1DFB2F29F9A7}.Debug|Any CPU.ActiveCfg = Debug|Any CPU
		{44E28E0D-A623-FCEA-8BDD-1DFB2F29F9A7}.Debug|Any CPU.Build.0 = Debug|Any CPU
		{44E28E0D-A623-FCEA-8BDD-1DFB2F29F9A7}.Release|Any CPU.ActiveCfg = Release|Any CPU
		{44E28E0D-A623-FCEA-8BDD-1DFB2F29F9A7}.Release|Any CPU.Build.0 = Release|Any CPU
		{A119B98F-2197-47AB-FD9D-D3817F8A4F18}.Debug|Any CPU.ActiveCfg = Debug|Any CPU
		{A119B98F-2197-47AB-FD9D-D3817F8A4F18}.Debug|Any CPU.Build.0 = Debug|Any CPU
		{A119B98F-2197-47AB-FD9D-D3817F8A4F18}.Release|Any CPU.ActiveCfg = Release|Any CPU
		{A119B98F-2197-47AB-FD9D-D3817F8A4F18}.Release|Any CPU.Build.0 = Release|Any CPU
		{8D523F66-11BE-D06D-4CA5-9D1A09A15522}.Debug|Any CPU.ActiveCfg = Debug|Any CPU
		{8D523F66-11BE-D06D-4CA5-9D1A09A15522}.Debug|Any CPU.Build.0 = Debug|Any CPU
		{8D523F66-11BE-D06D-4CA5-9D1A09A15522}.Release|Any CPU.ActiveCfg = Release|Any CPU
		{8D523F66-11BE-D06D-4CA5-9D1A09A15522}.Release|Any CPU.Build.0 = Release|Any CPU
		{A8646F4E-BFC7-4635-1988-19BC650875C0}.Debug|Any CPU.ActiveCfg = Debug|Any CPU
		{A8646F4E-BFC7-4635-1988-19BC650875C0}.Debug|Any CPU.Build.0 = Debug|Any CPU
		{A8646F4E-BFC7-4635-1988-19BC650875C0}.Release|Any CPU.ActiveCfg = Release|Any CPU
		{A8646F4E-BFC7-4635-1988-19BC650875C0}.Release|Any CPU.Build.0 = Release|Any CPU
		{FE6EBAF8-33C1-1BB5-05D8-6DF11DDFA740}.Debug|Any CPU.ActiveCfg = Debug|Any CPU
		{FE6EBAF8-33C1-1BB5-05D8-6DF11DDFA740}.Debug|Any CPU.Build.0 = Debug|Any CPU
		{FE6EBAF8-33C1-1BB5-05D8-6DF11DDFA740}.Release|Any CPU.ActiveCfg = Release|Any CPU
		{FE6EBAF8-33C1-1BB5-05D8-6DF11DDFA740}.Release|Any CPU.Build.0 = Release|Any CPU
		{7624C764-049F-8ECE-F255-13EBB50A53E2}.Debug|Any CPU.ActiveCfg = Debug|Any CPU
		{7624C764-049F-8ECE-F255-13EBB50A53E2}.Debug|Any CPU.Build.0 = Debug|Any CPU
		{7624C764-049F-8ECE-F255-13EBB50A53E2}.Release|Any CPU.ActiveCfg = Release|Any CPU
		{7624C764-049F-8ECE-F255-13EBB50A53E2}.Release|Any CPU.Build.0 = Release|Any CPU
		{752DEA85-2A55-68AF-E56E-DC0C1A3CB7A3}.Debug|Any CPU.ActiveCfg = Debug|Any CPU
		{752DEA85-2A55-68AF-E56E-DC0C1A3CB7A3}.Debug|Any CPU.Build.0 = Debug|Any CPU
		{752DEA85-2A55-68AF-E56E-DC0C1A3CB7A3}.Release|Any CPU.ActiveCfg = Release|Any CPU
		{752DEA85-2A55-68AF-E56E-DC0C1A3CB7A3}.Release|Any CPU.Build.0 = Release|Any CPU
		{5634BC00-9F20-DC1F-632F-3EE4C211A5EF}.Debug|Any CPU.ActiveCfg = Debug|Any CPU
		{5634BC00-9F20-DC1F-632F-3EE4C211A5EF}.Debug|Any CPU.Build.0 = Debug|Any CPU
		{5634BC00-9F20-DC1F-632F-3EE4C211A5EF}.Release|Any CPU.ActiveCfg = Release|Any CPU
		{5634BC00-9F20-DC1F-632F-3EE4C211A5EF}.Release|Any CPU.Build.0 = Release|Any CPU
		{78FC4DBB-9EDC-F9A3-499D-888AE8E49C64}.Debug|Any CPU.ActiveCfg = Debug|Any CPU
		{78FC4DBB-9EDC-F9A3-499D-888AE8E49C64}.Debug|Any CPU.Build.0 = Debug|Any CPU
		{78FC4DBB-9EDC-F9A3-499D-888AE8E49C64}.Release|Any CPU.ActiveCfg = Release|Any CPU
		{78FC4DBB-9EDC-F9A3-499D-888AE8E49C64}.Release|Any CPU.Build.0 = Release|Any CPU
	EndGlobalSection
	GlobalSection(SolutionProperties) = preSolution
		HideSolutionNode = FALSE
	EndGlobalSection
EndGlobal
