
Microsoft Visual Studio Solution File, Format Version 12.00
# Visual Studio 15
Project("{FAE04EC0-301F-11D3-BF4B-00C04F79EFBC}") = "Oculus.Platform", "Oculus.Platform.csproj", "{81883CD6-66BB-FA6B-CE8B-E02610238DF7}"
EndProject
Project("{FAE04EC0-301F-11D3-BF4B-00C04F79EFBC}") = "Assembly-CSharp", "Assembly-CSharp.csproj", "{DEEC153C-57EA-CE74-B9EC-C46F2D119258}"
EndProject
Project("{FAE04EC0-301F-11D3-BF4B-00C04F79EFBC}") = "Meta.WitAi", "Meta.WitAi.csproj", "{89149F88-2861-A520-BFB0-62996C8EB096}"
EndProject
Project("{FAE04EC0-301F-11D3-BF4B-00C04F79EFBC}") = "Oculus.Spatializer", "Oculus.Spatializer.csproj", "{4212158A-2331-3EC7-242A-E5EEFC63730B}"
EndProject
Project("{FAE04EC0-301F-11D3-BF4B-00C04F79EFBC}") = "Oculus.Interaction", "Oculus.Interaction.csproj", "{091B31E3-3DEA-C1A1-F218-3E80566F8A52}"
EndProject
Project("{FAE04EC0-301F-11D3-BF4B-00C04F79EFBC}") = "Oculus.Interaction.OVR.Samples", "Oculus.Interaction.OVR.Samples.csproj", "{FC268D48-C4E6-3CC8-68E8-4F656297D4C0}"
EndProject
Project("{FAE04EC0-301F-11D3-BF4B-00C04F79EFBC}") = "Oculus.VR", "Oculus.VR.csproj", "{8DBA05EE-191B-0808-221B-F10696385155}"
EndProject
Project("{FAE04EC0-301F-11D3-BF4B-00C04F79EFBC}") = "VoiceSDK.Dictation.Runtime", "VoiceSDK.Dictation.Runtime.csproj", "{8F523F71-A38C-63D0-421B-820D10780651}"
EndProject
Project("{FAE04EC0-301F-11D3-BF4B-00C04F79EFBC}") = "Meta.WitAi.TTS", "Meta.WitAi.TTS.csproj", "{C4AEB669-BEEB-58B0-0CC9-EB3AC4D4E271}"
EndProject
Project("{FAE04EC0-301F-11D3-BF4B-00C04F79EFBC}") = "Meta.WitAi.Lib", "Meta.WitAi.Lib.csproj", "{49A2242A-F003-25B8-804C-879671C2860B}"
EndProject
Project("{FAE04EC0-301F-11D3-BF4B-00C04F79EFBC}") = "Oculus.AudioManager", "Oculus.AudioManager.csproj", "{48733A21-30F4-C45D-71F4-D8FC4F054355}"
EndProject
Project("{FAE04EC0-301F-11D3-BF4B-00C04F79EFBC}") = "VoiceSDK.Runtime", "VoiceSDK.Runtime.csproj", "{57748CF6-2044-ED9C-0E49-6708B9146348}"
EndProject
Project("{FAE04EC0-301F-11D3-BF4B-00C04F79EFBC}") = "Facebook.Wit.Dictation", "Facebook.Wit.Dictation.csproj", "{26B7D8D1-E13B-5CF8-14CF-239B1698C361}"
EndProject
Project("{FAE04EC0-301F-11D3-BF4B-00C04F79EFBC}") = "Meta.WitAi.TTS.Samples", "Meta.WitAi.TTS.Samples.csproj", "{EECA61CC-1213-7378-CBC7-62828DEA7372}"
EndProject
Project("{FAE04EC0-301F-11D3-BF4B-00C04F79EFBC}") = "Oculus.Voice.Demo", "Oculus.Voice.Demo.csproj", "{1AFBE157-9FB3-317C-AB3D-A646690E3BD7}"
EndProject
Project("{FAE04EC0-301F-11D3-BF4B-00C04F79EFBC}") = "Oculus.Interaction.OVR", "Oculus.Interaction.OVR.csproj", "{5E8A75AE-F7BB-9CAF-BF62-2DC7C00F367A}"
EndProject
Project("{FAE04EC0-301F-11D3-BF4B-00C04F79EFBC}") = "AssistantCoreSDKRuntime", "AssistantCoreSDKRuntime.csproj", "{D2C0AB26-716C-1646-0E9B-36D612E90D35}"
EndProject
Project("{FAE04EC0-301F-11D3-BF4B-00C04F79EFBC}") = "Meta.WitAi.Conduit", "Meta.WitAi.Conduit.csproj", "{2DE0921C-7792-896F-E82C-F4512A74294F}"
EndProject
Project("{FAE04EC0-301F-11D3-BF4B-00C04F79EFBC}") = "Oculus.LipSync", "Oculus.LipSync.csproj", "{F8409DF9-02B3-D415-5118-CD35766A8516}"
EndProject
Project("{FAE04EC0-301F-11D3-BF4B-00C04F79EFBC}") = "Meta.VoiceSDK.Mic.Other", "Meta.VoiceSDK.Mic.Other.csproj", "{255B74AB-3E96-CC26-CAD5-2705EDA6986B}"
EndProject
Project("{FAE04EC0-301F-11D3-BF4B-00C04F79EFBC}") = "Meta.VoiceSDK.Mic.Common", "Meta.VoiceSDK.Mic.Common.csproj", "{945DD8B5-7F76-C7A7-4059-E08FDA9EDAC4}"
EndProject
Project("{FAE04EC0-301F-11D3-BF4B-00C04F79EFBC}") = "Meta.VoiceSDK.Mic.WebGL", "Meta.VoiceSDK.Mic.WebGL.csproj", "{7C48A5CB-E096-1118-7D8C-AC20A2F3E41D}"
EndProject
Project("{FAE04EC0-301F-11D3-BF4B-00C04F79EFBC}") = "Meta.WitAi.Editor", "Meta.WitAi.Editor.csproj", "{56983C96-2528-F396-3828-8D7672B727B3}"
EndProject
Project("{FAE04EC0-301F-11D3-BF4B-00C04F79EFBC}") = "Oculus.Interaction.Editor", "Oculus.Interaction.Editor.csproj", "{3F24332F-BFF6-3EFD-9E49-5A55F06C1A7D}"
EndProject
Project("{FAE04EC0-301F-11D3-BF4B-00C04F79EFBC}") = "Meta.WitAI.Lib.Editor", "Meta.WitAI.Lib.Editor.csproj", "{D365A539-7A2C-6309-1131-1820C39AAB4F}"
EndProject
Project("{FAE04EC0-301F-11D3-BF4B-00C04F79EFBC}") = "Oculus.VR.Editor", "Oculus.VR.Editor.csproj", "{A20C41D7-19D7-E523-8EDC-3ECD67D462A9}"
EndProject
Project("{FAE04EC0-301F-11D3-BF4B-00C04F79EFBC}") = "Meta.WitAi.Conduit.Editor", "Meta.WitAi.Conduit.Editor.csproj", "{68E6961D-00A1-B2A5-5F43-D96075A8D41A}"
EndProject
Project("{FAE04EC0-301F-11D3-BF4B-00C04F79EFBC}") = "Oculus.Interaction.OVR.Editor", "Oculus.Interaction.OVR.Editor.csproj", "{C8BE2A21-AF72-AB38-AD58-0C8ED2902DB4}"
EndProject
Project("{FAE04EC0-301F-11D3-BF4B-00C04F79EFBC}") = "Assembly-CSharp-Editor", "Assembly-CSharp-Editor.csproj", "{ADAB422D-355D-F1BB-4697-C2603BB9B18F}"
EndProject
Project("{FAE04EC0-301F-11D3-BF4B-00C04F79EFBC}") = "Oculus.Interaction.Samples.Editor", "Oculus.Interaction.Samples.Editor.csproj", "{F3D4CB43-4A39-E64C-E83D-83ADF68552AE}"
EndProject
Project("{FAE04EC0-301F-11D3-BF4B-00C04F79EFBC}") = "Oculus.VR.Scripts.Editor", "Oculus.VR.Scripts.Editor.csproj", "{647901AC-AB4A-41C1-0DCE-624A1C639D0D}"
EndProject
Project("{FAE04EC0-301F-11D3-BF4B-00C04F79EFBC}") = "VoiceSDK.Editor", "VoiceSDK.Editor.csproj", "{42994D80-A7EA-F4C9-6482-3E7AB947B4A6}"
EndProject
Project("{FAE04EC0-301F-11D3-BF4B-00C04F79EFBC}") = "Oculus.Spatializer.Editor", "Oculus.Spatializer.Editor.csproj", "{FF1A25A1-504A-622F-0A57-FA4F0E6A6285}"
EndProject
Project("{FAE04EC0-301F-11D3-BF4B-00C04F79EFBC}") = "Meta.WitAi.TTS.Editor", "Meta.WitAi.TTS.Editor.csproj", "{33D711F9-E66E-5307-C27C-D44B9E3D2D2D}"
EndProject
Project("{FAE04EC0-301F-11D3-BF4B-00C04F79EFBC}") = "Facebook.Wit.Dictation.Editor", "Facebook.Wit.Dictation.Editor.csproj", "{CEC45280-16F3-8118-00B0-AB5CEE9381E9}"
EndProject
Project("{FAE04EC0-301F-11D3-BF4B-00C04F79EFBC}") = "VoiceSDK.Dictation.Editor", "VoiceSDK.Dictation.Editor.csproj", "{5220255E-0AAC-3B48-C85E-B0216F6B04B9}"
EndProject
Project("{FAE04EC0-301F-11D3-BF4B-00C04F79EFBC}") = "Oculus.Platform.Editor", "Oculus.Platform.Editor.csproj", "{99E866C1-3506-B1D1-C7E1-822B4341EF2C}"
EndProject
Project("{FAE04EC0-301F-11D3-BF4B-00C04F79EFBC}") = "Oculus.AudioManager.Audio.Editor", "Oculus.AudioManager.Audio.Editor.csproj", "{385B7692-E1E2-733B-3D03-86B1C2601E01}"
EndProject
Project("{FAE04EC0-301F-11D3-BF4B-00C04F79EFBC}") = "Oculus.Interaction.InterfaceSupport", "Oculus.Interaction.InterfaceSupport.csproj", "{9CB74FF8-3977-B76F-4BA0-E804E4F35F02}"
EndProject
Project("{FAE04EC0-301F-11D3-BF4B-00C04F79EFBC}") = "Oculus.LipSync.Editor", "Oculus.LipSync.Editor.csproj", "{512D36E2-7260-1448-7196-05DBF34C9282}"
EndProject
Project("{FAE04EC0-301F-11D3-BF4B-00C04F79EFBC}") = "AssistantCoreSDKEditor", "AssistantCoreSDKEditor.csproj", "{FEB9FD0F-5B06-3D78-3BC5-1D2886D9EB7A}"
EndProject
Project("{FAE04EC0-301F-11D3-BF4B-00C04F79EFBC}") = "Oculus.AudioManager.Utils.Editor", "Oculus.AudioManager.Utils.Editor.csproj", "{C9F5B791-A56E-B940-BF74-96E46D752238}"
EndProject
Global
	GlobalSection(SolutionConfigurationPlatforms) = preSolution
		Debug|Any CPU = Debug|Any CPU
		Release|Any CPU = Release|Any CPU
	EndGlobalSection
	GlobalSection(ProjectConfigurationPlatforms) = postSolution
		{81883CD6-66BB-FA6B-CE8B-E02610238DF7}.Debug|Any CPU.ActiveCfg = Debug|Any CPU
		{81883CD6-66BB-FA6B-CE8B-E02610238DF7}.Debug|Any CPU.Build.0 = Debug|Any CPU
		{81883CD6-66BB-FA6B-CE8B-E02610238DF7}.Release|Any CPU.ActiveCfg = Release|Any CPU
		{81883CD6-66BB-FA6B-CE8B-E02610238DF7}.Release|Any CPU.Build.0 = Release|Any CPU
		{DEEC153C-57EA-CE74-B9EC-C46F2D119258}.Debug|Any CPU.ActiveCfg = Debug|Any CPU
		{DEEC153C-57EA-CE74-B9EC-C46F2D119258}.Debug|Any CPU.Build.0 = Debug|Any CPU
		{DEEC153C-57EA-CE74-B9EC-C46F2D119258}.Release|Any CPU.ActiveCfg = Release|Any CPU
		{DEEC153C-57EA-CE74-B9EC-C46F2D119258}.Release|Any CPU.Build.0 = Release|Any CPU
		{89149F88-2861-A520-BFB0-62996C8EB096}.Debug|Any CPU.ActiveCfg = Debug|Any CPU
		{89149F88-2861-A520-BFB0-62996C8EB096}.Debug|Any CPU.Build.0 = Debug|Any CPU
		{89149F88-2861-A520-BFB0-62996C8EB096}.Release|Any CPU.ActiveCfg = Release|Any CPU
		{89149F88-2861-A520-BFB0-62996C8EB096}.Release|Any CPU.Build.0 = Release|Any CPU
		{4212158A-2331-3EC7-242A-E5EEFC63730B}.Debug|Any CPU.ActiveCfg = Debug|Any CPU
		{4212158A-2331-3EC7-242A-E5EEFC63730B}.Debug|Any CPU.Build.0 = Debug|Any CPU
		{4212158A-2331-3EC7-242A-E5EEFC63730B}.Release|Any CPU.ActiveCfg = Release|Any CPU
		{4212158A-2331-3EC7-242A-E5EEFC63730B}.Release|Any CPU.Build.0 = Release|Any CPU
		{091B31E3-3DEA-C1A1-F218-3E80566F8A52}.Debug|Any CPU.ActiveCfg = Debug|Any CPU
		{091B31E3-3DEA-C1A1-F218-3E80566F8A52}.Debug|Any CPU.Build.0 = Debug|Any CPU
		{091B31E3-3DEA-C1A1-F218-3E80566F8A52}.Release|Any CPU.ActiveCfg = Release|Any CPU
		{091B31E3-3DEA-C1A1-F218-3E80566F8A52}.Release|Any CPU.Build.0 = Release|Any CPU
		{FC268D48-C4E6-3CC8-68E8-4F656297D4C0}.Debug|Any CPU.ActiveCfg = Debug|Any CPU
		{FC268D48-C4E6-3CC8-68E8-4F656297D4C0}.Debug|Any CPU.Build.0 = Debug|Any CPU
		{FC268D48-C4E6-3CC8-68E8-4F656297D4C0}.Release|Any CPU.ActiveCfg = Release|Any CPU
		{FC268D48-C4E6-3CC8-68E8-4F656297D4C0}.Release|Any CPU.Build.0 = Release|Any CPU
		{8DBA05EE-191B-0808-221B-F10696385155}.Debug|Any CPU.ActiveCfg = Debug|Any CPU
		{8DBA05EE-191B-0808-221B-F10696385155}.Debug|Any CPU.Build.0 = Debug|Any CPU
		{8DBA05EE-191B-0808-221B-F10696385155}.Release|Any CPU.ActiveCfg = Release|Any CPU
		{8DBA05EE-191B-0808-221B-F10696385155}.Release|Any CPU.Build.0 = Release|Any CPU
		{8F523F71-A38C-63D0-421B-820D10780651}.Debug|Any CPU.ActiveCfg = Debug|Any CPU
		{8F523F71-A38C-63D0-421B-820D10780651}.Debug|Any CPU.Build.0 = Debug|Any CPU
		{8F523F71-A38C-63D0-421B-820D10780651}.Release|Any CPU.ActiveCfg = Release|Any CPU
		{8F523F71-A38C-63D0-421B-820D10780651}.Release|Any CPU.Build.0 = Release|Any CPU
		{C4AEB669-BEEB-58B0-0CC9-EB3AC4D4E271}.Debug|Any CPU.ActiveCfg = Debug|Any CPU
		{C4AEB669-BEEB-58B0-0CC9-EB3AC4D4E271}.Debug|Any CPU.Build.0 = Debug|Any CPU
		{C4AEB669-BEEB-58B0-0CC9-EB3AC4D4E271}.Release|Any CPU.ActiveCfg = Release|Any CPU
		{C4AEB669-BEEB-58B0-0CC9-EB3AC4D4E271}.Release|Any CPU.Build.0 = Release|Any CPU
		{49A2242A-F003-25B8-804C-879671C2860B}.Debug|Any CPU.ActiveCfg = Debug|Any CPU
		{49A2242A-F003-25B8-804C-879671C2860B}.Debug|Any CPU.Build.0 = Debug|Any CPU
		{49A2242A-F003-25B8-804C-879671C2860B}.Release|Any CPU.ActiveCfg = Release|Any CPU
		{49A2242A-F003-25B8-804C-879671C2860B}.Release|Any CPU.Build.0 = Release|Any CPU
		{48733A21-30F4-C45D-71F4-D8FC4F054355}.Debug|Any CPU.ActiveCfg = Debug|Any CPU
		{48733A21-30F4-C45D-71F4-D8FC4F054355}.Debug|Any CPU.Build.0 = Debug|Any CPU
		{48733A21-30F4-C45D-71F4-D8FC4F054355}.Release|Any CPU.ActiveCfg = Release|Any CPU
		{48733A21-30F4-C45D-71F4-D8FC4F054355}.Release|Any CPU.Build.0 = Release|Any CPU
		{57748CF6-2044-ED9C-0E49-6708B9146348}.Debug|Any CPU.ActiveCfg = Debug|Any CPU
		{57748CF6-2044-ED9C-0E49-6708B9146348}.Debug|Any CPU.Build.0 = Debug|Any CPU
		{57748CF6-2044-ED9C-0E49-6708B9146348}.Release|Any CPU.ActiveCfg = Release|Any CPU
		{57748CF6-2044-ED9C-0E49-6708B9146348}.Release|Any CPU.Build.0 = Release|Any CPU
		{26B7D8D1-E13B-5CF8-14CF-239B1698C361}.Debug|Any CPU.ActiveCfg = Debug|Any CPU
		{26B7D8D1-E13B-5CF8-14CF-239B1698C361}.Debug|Any CPU.Build.0 = Debug|Any CPU
		{26B7D8D1-E13B-5CF8-14CF-239B1698C361}.Release|Any CPU.ActiveCfg = Release|Any CPU
		{26B7D8D1-E13B-5CF8-14CF-239B1698C361}.Release|Any CPU.Build.0 = Release|Any CPU
		{EECA61CC-1213-7378-CBC7-62828DEA7372}.Debug|Any CPU.ActiveCfg = Debug|Any CPU
		{EECA61CC-1213-7378-CBC7-62828DEA7372}.Debug|Any CPU.Build.0 = Debug|Any CPU
		{EECA61CC-1213-7378-CBC7-62828DEA7372}.Release|Any CPU.ActiveCfg = Release|Any CPU
		{EECA61CC-1213-7378-CBC7-62828DEA7372}.Release|Any CPU.Build.0 = Release|Any CPU
		{1AFBE157-9FB3-317C-AB3D-A646690E3BD7}.Debug|Any CPU.ActiveCfg = Debug|Any CPU
		{1AFBE157-9FB3-317C-AB3D-A646690E3BD7}.Debug|Any CPU.Build.0 = Debug|Any CPU
		{1AFBE157-9FB3-317C-AB3D-A646690E3BD7}.Release|Any CPU.ActiveCfg = Release|Any CPU
		{1AFBE157-9FB3-317C-AB3D-A646690E3BD7}.Release|Any CPU.Build.0 = Release|Any CPU
		{5E8A75AE-F7BB-9CAF-BF62-2DC7C00F367A}.Debug|Any CPU.ActiveCfg = Debug|Any CPU
		{5E8A75AE-F7BB-9CAF-BF62-2DC7C00F367A}.Debug|Any CPU.Build.0 = Debug|Any CPU
		{5E8A75AE-F7BB-9CAF-BF62-2DC7C00F367A}.Release|Any CPU.ActiveCfg = Release|Any CPU
		{5E8A75AE-F7BB-9CAF-BF62-2DC7C00F367A}.Release|Any CPU.Build.0 = Release|Any CPU
		{D2C0AB26-716C-1646-0E9B-36D612E90D35}.Debug|Any CPU.ActiveCfg = Debug|Any CPU
		{D2C0AB26-716C-1646-0E9B-36D612E90D35}.Debug|Any CPU.Build.0 = Debug|Any CPU
		{D2C0AB26-716C-1646-0E9B-36D612E90D35}.Release|Any CPU.ActiveCfg = Release|Any CPU
		{D2C0AB26-716C-1646-0E9B-36D612E90D35}.Release|Any CPU.Build.0 = Release|Any CPU
		{2DE0921C-7792-896F-E82C-F4512A74294F}.Debug|Any CPU.ActiveCfg = Debug|Any CPU
		{2DE0921C-7792-896F-E82C-F4512A74294F}.Debug|Any CPU.Build.0 = Debug|Any CPU
		{2DE0921C-7792-896F-E82C-F4512A74294F}.Release|Any CPU.ActiveCfg = Release|Any CPU
		{2DE0921C-7792-896F-E82C-F4512A74294F}.Release|Any CPU.Build.0 = Release|Any CPU
		{F8409DF9-02B3-D415-5118-CD35766A8516}.Debug|Any CPU.ActiveCfg = Debug|Any CPU
		{F8409DF9-02B3-D415-5118-CD35766A8516}.Debug|Any CPU.Build.0 = Debug|Any CPU
		{F8409DF9-02B3-D415-5118-CD35766A8516}.Release|Any CPU.ActiveCfg = Release|Any CPU
		{F8409DF9-02B3-D415-5118-CD35766A8516}.Release|Any CPU.Build.0 = Release|Any CPU
		{255B74AB-3E96-CC26-CAD5-2705EDA6986B}.Debug|Any CPU.ActiveCfg = Debug|Any CPU
		{255B74AB-3E96-CC26-CAD5-2705EDA6986B}.Debug|Any CPU.Build.0 = Debug|Any CPU
		{255B74AB-3E96-CC26-CAD5-2705EDA6986B}.Release|Any CPU.ActiveCfg = Release|Any CPU
		{255B74AB-3E96-CC26-CAD5-2705EDA6986B}.Release|Any CPU.Build.0 = Release|Any CPU
		{945DD8B5-7F76-C7A7-4059-E08FDA9EDAC4}.Debug|Any CPU.ActiveCfg = Debug|Any CPU
		{945DD8B5-7F76-C7A7-4059-E08FDA9EDAC4}.Debug|Any CPU.Build.0 = Debug|Any CPU
		{945DD8B5-7F76-C7A7-4059-E08FDA9EDAC4}.Release|Any CPU.ActiveCfg = Release|Any CPU
		{945DD8B5-7F76-C7A7-4059-E08FDA9EDAC4}.Release|Any CPU.Build.0 = Release|Any CPU
		{7C48A5CB-E096-1118-7D8C-AC20A2F3E41D}.Debug|Any CPU.ActiveCfg = Debug|Any CPU
		{7C48A5CB-E096-1118-7D8C-AC20A2F3E41D}.Debug|Any CPU.Build.0 = Debug|Any CPU
		{7C48A5CB-E096-1118-7D8C-AC20A2F3E41D}.Release|Any CPU.ActiveCfg = Release|Any CPU
		{7C48A5CB-E096-1118-7D8C-AC20A2F3E41D}.Release|Any CPU.Build.0 = Release|Any CPU
		{56983C96-2528-F396-3828-8D7672B727B3}.Debug|Any CPU.ActiveCfg = Debug|Any CPU
		{56983C96-2528-F396-3828-8D7672B727B3}.Debug|Any CPU.Build.0 = Debug|Any CPU
		{56983C96-2528-F396-3828-8D7672B727B3}.Release|Any CPU.ActiveCfg = Release|Any CPU
		{56983C96-2528-F396-3828-8D7672B727B3}.Release|Any CPU.Build.0 = Release|Any CPU
		{3F24332F-BFF6-3EFD-9E49-5A55F06C1A7D}.Debug|Any CPU.ActiveCfg = Debug|Any CPU
		{3F24332F-BFF6-3EFD-9E49-5A55F06C1A7D}.Debug|Any CPU.Build.0 = Debug|Any CPU
		{3F24332F-BFF6-3EFD-9E49-5A55F06C1A7D}.Release|Any CPU.ActiveCfg = Release|Any CPU
		{3F24332F-BFF6-3EFD-9E49-5A55F06C1A7D}.Release|Any CPU.Build.0 = Release|Any CPU
		{D365A539-7A2C-6309-1131-1820C39AAB4F}.Debug|Any CPU.ActiveCfg = Debug|Any CPU
		{D365A539-7A2C-6309-1131-1820C39AAB4F}.Debug|Any CPU.Build.0 = Debug|Any CPU
		{D365A539-7A2C-6309-1131-1820C39AAB4F}.Release|Any CPU.ActiveCfg = Release|Any CPU
		{D365A539-7A2C-6309-1131-1820C39AAB4F}.Release|Any CPU.Build.0 = Release|Any CPU
		{A20C41D7-19D7-E523-8EDC-3ECD67D462A9}.Debug|Any CPU.ActiveCfg = Debug|Any CPU
		{A20C41D7-19D7-E523-8EDC-3ECD67D462A9}.Debug|Any CPU.Build.0 = Debug|Any CPU
		{A20C41D7-19D7-E523-8EDC-3ECD67D462A9}.Release|Any CPU.ActiveCfg = Release|Any CPU
		{A20C41D7-19D7-E523-8EDC-3ECD67D462A9}.Release|Any CPU.Build.0 = Release|Any CPU
		{68E6961D-00A1-B2A5-5F43-D96075A8D41A}.Debug|Any CPU.ActiveCfg = Debug|Any CPU
		{68E6961D-00A1-B2A5-5F43-D96075A8D41A}.Debug|Any CPU.Build.0 = Debug|Any CPU
		{68E6961D-00A1-B2A5-5F43-D96075A8D41A}.Release|Any CPU.ActiveCfg = Release|Any CPU
		{68E6961D-00A1-B2A5-5F43-D96075A8D41A}.Release|Any CPU.Build.0 = Release|Any CPU
		{C8BE2A21-AF72-AB38-AD58-0C8ED2902DB4}.Debug|Any CPU.ActiveCfg = Debug|Any CPU
		{C8BE2A21-AF72-AB38-AD58-0C8ED2902DB4}.Debug|Any CPU.Build.0 = Debug|Any CPU
		{C8BE2A21-AF72-AB38-AD58-0C8ED2902DB4}.Release|Any CPU.ActiveCfg = Release|Any CPU
		{C8BE2A21-AF72-AB38-AD58-0C8ED2902DB4}.Release|Any CPU.Build.0 = Release|Any CPU
		{ADAB422D-355D-F1BB-4697-C2603BB9B18F}.Debug|Any CPU.ActiveCfg = Debug|Any CPU
		{ADAB422D-355D-F1BB-4697-C2603BB9B18F}.Debug|Any CPU.Build.0 = Debug|Any CPU
		{ADAB422D-355D-F1BB-4697-C2603BB9B18F}.Release|Any CPU.ActiveCfg = Release|Any CPU
		{ADAB422D-355D-F1BB-4697-C2603BB9B18F}.Release|Any CPU.Build.0 = Release|Any CPU
		{F3D4CB43-4A39-E64C-E83D-83ADF68552AE}.Debug|Any CPU.ActiveCfg = Debug|Any CPU
		{F3D4CB43-4A39-E64C-E83D-83ADF68552AE}.Debug|Any CPU.Build.0 = Debug|Any CPU
		{F3D4CB43-4A39-E64C-E83D-83ADF68552AE}.Release|Any CPU.ActiveCfg = Release|Any CPU
		{F3D4CB43-4A39-E64C-E83D-83ADF68552AE}.Release|Any CPU.Build.0 = Release|Any CPU
		{647901AC-AB4A-41C1-0DCE-624A1C639D0D}.Debug|Any CPU.ActiveCfg = Debug|Any CPU
		{647901AC-AB4A-41C1-0DCE-624A1C639D0D}.Debug|Any CPU.Build.0 = Debug|Any CPU
		{647901AC-AB4A-41C1-0DCE-624A1C639D0D}.Release|Any CPU.ActiveCfg = Release|Any CPU
		{647901AC-AB4A-41C1-0DCE-624A1C639D0D}.Release|Any CPU.Build.0 = Release|Any CPU
		{42994D80-A7EA-F4C9-6482-3E7AB947B4A6}.Debug|Any CPU.ActiveCfg = Debug|Any CPU
		{42994D80-A7EA-F4C9-6482-3E7AB947B4A6}.Debug|Any CPU.Build.0 = Debug|Any CPU
		{42994D80-A7EA-F4C9-6482-3E7AB947B4A6}.Release|Any CPU.ActiveCfg = Release|Any CPU
		{42994D80-A7EA-F4C9-6482-3E7AB947B4A6}.Release|Any CPU.Build.0 = Release|Any CPU
		{FF1A25A1-504A-622F-0A57-FA4F0E6A6285}.Debug|Any CPU.ActiveCfg = Debug|Any CPU
		{FF1A25A1-504A-622F-0A57-FA4F0E6A6285}.Debug|Any CPU.Build.0 = Debug|Any CPU
		{FF1A25A1-504A-622F-0A57-FA4F0E6A6285}.Release|Any CPU.ActiveCfg = Release|Any CPU
		{FF1A25A1-504A-622F-0A57-FA4F0E6A6285}.Release|Any CPU.Build.0 = Release|Any CPU
		{33D711F9-E66E-5307-C27C-D44B9E3D2D2D}.Debug|Any CPU.ActiveCfg = Debug|Any CPU
		{33D711F9-E66E-5307-C27C-D44B9E3D2D2D}.Debug|Any CPU.Build.0 = Debug|Any CPU
		{33D711F9-E66E-5307-C27C-D44B9E3D2D2D}.Release|Any CPU.ActiveCfg = Release|Any CPU
		{33D711F9-E66E-5307-C27C-D44B9E3D2D2D}.Release|Any CPU.Build.0 = Release|Any CPU
		{CEC45280-16F3-8118-00B0-AB5CEE9381E9}.Debug|Any CPU.ActiveCfg = Debug|Any CPU
		{CEC45280-16F3-8118-00B0-AB5CEE9381E9}.Debug|Any CPU.Build.0 = Debug|Any CPU
		{CEC45280-16F3-8118-00B0-AB5CEE9381E9}.Release|Any CPU.ActiveCfg = Release|Any CPU
		{CEC45280-16F3-8118-00B0-AB5CEE9381E9}.Release|Any CPU.Build.0 = Release|Any CPU
		{5220255E-0AAC-3B48-C85E-B0216F6B04B9}.Debug|Any CPU.ActiveCfg = Debug|Any CPU
		{5220255E-0AAC-3B48-C85E-B0216F6B04B9}.Debug|Any CPU.Build.0 = Debug|Any CPU
		{5220255E-0AAC-3B48-C85E-B0216F6B04B9}.Release|Any CPU.ActiveCfg = Release|Any CPU
		{5220255E-0AAC-3B48-C85E-B0216F6B04B9}.Release|Any CPU.Build.0 = Release|Any CPU
		{99E866C1-3506-B1D1-C7E1-822B4341EF2C}.Debug|Any CPU.ActiveCfg = Debug|Any CPU
		{99E866C1-3506-B1D1-C7E1-822B4341EF2C}.Debug|Any CPU.Build.0 = Debug|Any CPU
		{99E866C1-3506-B1D1-C7E1-822B4341EF2C}.Release|Any CPU.ActiveCfg = Release|Any CPU
		{99E866C1-3506-B1D1-C7E1-822B4341EF2C}.Release|Any CPU.Build.0 = Release|Any CPU
		{385B7692-E1E2-733B-3D03-86B1C2601E01}.Debug|Any CPU.ActiveCfg = Debug|Any CPU
		{385B7692-E1E2-733B-3D03-86B1C2601E01}.Debug|Any CPU.Build.0 = Debug|Any CPU
		{385B7692-E1E2-733B-3D03-86B1C2601E01}.Release|Any CPU.ActiveCfg = Release|Any CPU
		{385B7692-E1E2-733B-3D03-86B1C2601E01}.Release|Any CPU.Build.0 = Release|Any CPU
		{9CB74FF8-3977-B76F-4BA0-E804E4F35F02}.Debug|Any CPU.ActiveCfg = Debug|Any CPU
		{9CB74FF8-3977-B76F-4BA0-E804E4F35F02}.Debug|Any CPU.Build.0 = Debug|Any CPU
		{9CB74FF8-3977-B76F-4BA0-E804E4F35F02}.Release|Any CPU.ActiveCfg = Release|Any CPU
		{9CB74FF8-3977-B76F-4BA0-E804E4F35F02}.Release|Any CPU.Build.0 = Release|Any CPU
		{512D36E2-7260-1448-7196-05DBF34C9282}.Debug|Any CPU.ActiveCfg = Debug|Any CPU
		{512D36E2-7260-1448-7196-05DBF34C9282}.Debug|Any CPU.Build.0 = Debug|Any CPU
		{512D36E2-7260-1448-7196-05DBF34C9282}.Release|Any CPU.ActiveCfg = Release|Any CPU
		{512D36E2-7260-1448-7196-05DBF34C9282}.Release|Any CPU.Build.0 = Release|Any CPU
		{FEB9FD0F-5B06-3D78-3BC5-1D2886D9EB7A}.Debug|Any CPU.ActiveCfg = Debug|Any CPU
		{FEB9FD0F-5B06-3D78-3BC5-1D2886D9EB7A}.Debug|Any CPU.Build.0 = Debug|Any CPU
		{FEB9FD0F-5B06-3D78-3BC5-1D2886D9EB7A}.Release|Any CPU.ActiveCfg = Release|Any CPU
		{FEB9FD0F-5B06-3D78-3BC5-1D2886D9EB7A}.Release|Any CPU.Build.0 = Release|Any CPU
		{C9F5B791-A56E-B940-BF74-96E46D752238}.Debug|Any CPU.ActiveCfg = Debug|Any CPU
		{C9F5B791-A56E-B940-BF74-96E46D752238}.Debug|Any CPU.Build.0 = Debug|Any CPU
		{C9F5B791-A56E-B940-BF74-96E46D752238}.Release|Any CPU.ActiveCfg = Release|Any CPU
		{C9F5B791-A56E-B940-BF74-96E46D752238}.Release|Any CPU.Build.0 = Release|Any CPU
	EndGlobalSection
	GlobalSection(SolutionProperties) = preSolution
		HideSolutionNode = FALSE
	EndGlobalSection
EndGlobal
